
Microsoft Visual Studio Solution File, Format Version 12.00
# Visual Studio 15
VisualStudioVersion = 15.0.26730.16
MinimumVisualStudioVersion = 10.0.40219.1
Project("{FAE04EC0-301F-11D3-BF4B-00C04F79EFBC}") = "01. Array Statistics", "01. Array Statistics\01. Array Statistics.csproj", "{910A90F8-6153-49E9-81B8-9E023444A69E}"
EndProject
Project("{FAE04EC0-301F-11D3-BF4B-00C04F79EFBC}") = "02. Manipulate Array", "02. Manipulate Array\02. Manipulate Array.csproj", "{9C2A94A7-EB56-46F9-AD91-2B96B9871A4B}"
EndProject
Project("{FAE04EC0-301F-11D3-BF4B-00C04F79EFBC}") = "03. Safe Manipulation", "03. Safe Manipulation\03. Safe Manipulation.csproj", "{214EEA0A-8DF7-43E3-930E-AC3549F0BA85}"
EndProject
Project("{FAE04EC0-301F-11D3-BF4B-00C04F79EFBC}") = "04. Grab and Go", "04. Grab and Go\04. Grab and Go.csproj", "{8B4DAD75-4934-4DDA-A78F-398549FC0A56}"
EndProject
Project("{FAE04EC0-301F-11D3-BF4B-00C04F79EFBC}") = "05. Pizza Ingredients", "05. Pizza Ingredients\05. Pizza Ingredients.csproj", "{8CBF47AF-01DE-4265-9034-972BC1CCED74}"
EndProject
Global
	GlobalSection(SolutionConfigurationPlatforms) = preSolution
		Debug|Any CPU = Debug|Any CPU
		Release|Any CPU = Release|Any CPU
	EndGlobalSection
	GlobalSection(ProjectConfigurationPlatforms) = postSolution
		{910A90F8-6153-49E9-81B8-9E023444A69E}.Debug|Any CPU.ActiveCfg = Debug|Any CPU
		{910A90F8-6153-49E9-81B8-9E023444A69E}.Debug|Any CPU.Build.0 = Debug|Any CPU
		{910A90F8-6153-49E9-81B8-9E023444A69E}.Release|Any CPU.ActiveCfg = Release|Any CPU
		{910A90F8-6153-49E9-81B8-9E023444A69E}.Release|Any CPU.Build.0 = Release|Any CPU
		{9C2A94A7-EB56-46F9-AD91-2B96B9871A4B}.Debug|Any CPU.ActiveCfg = Debug|Any CPU
		{9C2A94A7-EB56-46F9-AD91-2B96B9871A4B}.Debug|Any CPU.Build.0 = Debug|Any CPU
		{9C2A94A7-EB56-46F9-AD91-2B96B9871A4B}.Release|Any CPU.ActiveCfg = Release|Any CPU
		{9C2A94A7-EB56-46F9-AD91-2B96B9871A4B}.Release|Any CPU.Build.0 = Release|Any CPU
		{214EEA0A-8DF7-43E3-930E-AC3549F0BA85}.Debug|Any CPU.ActiveCfg = Debug|Any CPU
		{214EEA0A-8DF7-43E3-930E-AC3549F0BA85}.Debug|Any CPU.Build.0 = Debug|Any CPU
		{214EEA0A-8DF7-43E3-930E-AC3549F0BA85}.Release|Any CPU.ActiveCfg = Release|Any CPU
		{214EEA0A-8DF7-43E3-930E-AC3549F0BA85}.Release|Any CPU.Build.0 = Release|Any CPU
		{8B4DAD75-4934-4DDA-A78F-398549FC0A56}.Debug|Any CPU.ActiveCfg = Debug|Any CPU
		{8B4DAD75-4934-4DDA-A78F-398549FC0A56}.Debug|Any CPU.Build.0 = Debug|Any CPU
		{8B4DAD75-4934-4DDA-A78F-398549FC0A56}.Release|Any CPU.ActiveCfg = Release|Any CPU
		{8B4DAD75-4934-4DDA-A78F-398549FC0A56}.Release|Any CPU.Build.0 = Release|Any CPU
		{8CBF47AF-01DE-4265-9034-972BC1CCED74}.Debug|Any CPU.ActiveCfg = Debug|Any CPU
		{8CBF47AF-01DE-4265-9034-972BC1CCED74}.Debug|Any CPU.Build.0 = Debug|Any CPU
		{8CBF47AF-01DE-4265-9034-972BC1CCED74}.Release|Any CPU.ActiveCfg = Release|Any CPU
		{8CBF47AF-01DE-4265-9034-972BC1CCED74}.Release|Any CPU.Build.0 = Release|Any CPU
	EndGlobalSection
	GlobalSection(SolutionProperties) = preSolution
		HideSolutionNode = FALSE
	EndGlobalSection
	GlobalSection(ExtensibilityGlobals) = postSolution
		SolutionGuid = {2A033CB5-D58D-4E19-AD4E-9E76D8B68C41}
	EndGlobalSection
EndGlobal
