
Microsoft Visual Studio Solution File, Format Version 12.00
# Visual Studio 15
VisualStudioVersion = 15.0.27130.0
MinimumVisualStudioVersion = 10.0.40219.1
Project("{FAE04EC0-301F-11D3-BF4B-00C04F79EFBC}") = "01. Splinter Trip", "01. Splinter Trip\01. Splinter Trip.csproj", "{41633B27-88C3-4DBD-A4A6-FCF7F266D435}"
EndProject
Project("{FAE04EC0-301F-11D3-BF4B-00C04F79EFBC}") = "02. Spy Gram", "02. Spy Gram\02. Spy Gram.csproj", "{6D7AAAA9-AAEE-480C-8F34-3D84FE3B4621}"
EndProject
Project("{FAE04EC0-301F-11D3-BF4B-00C04F79EFBC}") = "03. Spyfer", "03. Spyfer\03. Spyfer.csproj", "{EE79AEE8-21A4-4A82-B0AC-90D058CB72BD}"
EndProject
Global
	GlobalSection(SolutionConfigurationPlatforms) = preSolution
		Debug|Any CPU = Debug|Any CPU
		Release|Any CPU = Release|Any CPU
	EndGlobalSection
	GlobalSection(ProjectConfigurationPlatforms) = postSolution
		{41633B27-88C3-4DBD-A4A6-FCF7F266D435}.Debug|Any CPU.ActiveCfg = Debug|Any CPU
		{41633B27-88C3-4DBD-A4A6-FCF7F266D435}.Debug|Any CPU.Build.0 = Debug|Any CPU
		{41633B27-88C3-4DBD-A4A6-FCF7F266D435}.Release|Any CPU.ActiveCfg = Release|Any CPU
		{41633B27-88C3-4DBD-A4A6-FCF7F266D435}.Release|Any CPU.Build.0 = Release|Any CPU
		{6D7AAAA9-AAEE-480C-8F34-3D84FE3B4621}.Debug|Any CPU.ActiveCfg = Debug|Any CPU
		{6D7AAAA9-AAEE-480C-8F34-3D84FE3B4621}.Debug|Any CPU.Build.0 = Debug|Any CPU
		{6D7AAAA9-AAEE-480C-8F34-3D84FE3B4621}.Release|Any CPU.ActiveCfg = Release|Any CPU
		{6D7AAAA9-AAEE-480C-8F34-3D84FE3B4621}.Release|Any CPU.Build.0 = Release|Any CPU
		{EE79AEE8-21A4-4A82-B0AC-90D058CB72BD}.Debug|Any CPU.ActiveCfg = Debug|Any CPU
		{EE79AEE8-21A4-4A82-B0AC-90D058CB72BD}.Debug|Any CPU.Build.0 = Debug|Any CPU
		{EE79AEE8-21A4-4A82-B0AC-90D058CB72BD}.Release|Any CPU.ActiveCfg = Release|Any CPU
		{EE79AEE8-21A4-4A82-B0AC-90D058CB72BD}.Release|Any CPU.Build.0 = Release|Any CPU
	EndGlobalSection
	GlobalSection(SolutionProperties) = preSolution
		HideSolutionNode = FALSE
	EndGlobalSection
	GlobalSection(ExtensibilityGlobals) = postSolution
		SolutionGuid = {1FD75080-4EDB-469B-ACBB-DEB21D569F87}
	EndGlobalSection
EndGlobal
