
Microsoft Visual Studio Solution File, Format Version 12.00
# Visual Studio 15
VisualStudioVersion = 15.0.26730.16
MinimumVisualStudioVersion = 10.0.40219.1
Project("{FAE04EC0-301F-11D3-BF4B-00C04F79EFBC}") = "01. Softuni Coffee Orders", "01. Softuni Coffee Orders\01. Softuni Coffee Orders.csproj", "{1175000B-A6F9-420C-B400-EEE447152AB0}"
EndProject
Project("{FAE04EC0-301F-11D3-BF4B-00C04F79EFBC}") = "02. Command Interpreter", "02. Command Interpreter\02. Command Interpreter.csproj", "{A288F2F4-5C4A-44F8-A05D-9ED8CD1EC712}"
EndProject
Project("{FAE04EC0-301F-11D3-BF4B-00C04F79EFBC}") = "03. Rage Quit", "03. Rage Quit\03. Rage Quit.csproj", "{EE309828-88B8-452A-96DB-F328CC59F650}"
EndProject
Project("{FAE04EC0-301F-11D3-BF4B-00C04F79EFBC}") = "04. Files", "04. Files\04. Files.csproj", "{7D40325F-6742-4F90-936A-54F62B1D3107}"
EndProject
Global
	GlobalSection(SolutionConfigurationPlatforms) = preSolution
		Debug|Any CPU = Debug|Any CPU
		Release|Any CPU = Release|Any CPU
	EndGlobalSection
	GlobalSection(ProjectConfigurationPlatforms) = postSolution
		{1175000B-A6F9-420C-B400-EEE447152AB0}.Debug|Any CPU.ActiveCfg = Debug|Any CPU
		{1175000B-A6F9-420C-B400-EEE447152AB0}.Debug|Any CPU.Build.0 = Debug|Any CPU
		{1175000B-A6F9-420C-B400-EEE447152AB0}.Release|Any CPU.ActiveCfg = Release|Any CPU
		{1175000B-A6F9-420C-B400-EEE447152AB0}.Release|Any CPU.Build.0 = Release|Any CPU
		{A288F2F4-5C4A-44F8-A05D-9ED8CD1EC712}.Debug|Any CPU.ActiveCfg = Debug|Any CPU
		{A288F2F4-5C4A-44F8-A05D-9ED8CD1EC712}.Debug|Any CPU.Build.0 = Debug|Any CPU
		{A288F2F4-5C4A-44F8-A05D-9ED8CD1EC712}.Release|Any CPU.ActiveCfg = Release|Any CPU
		{A288F2F4-5C4A-44F8-A05D-9ED8CD1EC712}.Release|Any CPU.Build.0 = Release|Any CPU
		{EE309828-88B8-452A-96DB-F328CC59F650}.Debug|Any CPU.ActiveCfg = Debug|Any CPU
		{EE309828-88B8-452A-96DB-F328CC59F650}.Debug|Any CPU.Build.0 = Debug|Any CPU
		{EE309828-88B8-452A-96DB-F328CC59F650}.Release|Any CPU.ActiveCfg = Release|Any CPU
		{EE309828-88B8-452A-96DB-F328CC59F650}.Release|Any CPU.Build.0 = Release|Any CPU
		{7D40325F-6742-4F90-936A-54F62B1D3107}.Debug|Any CPU.ActiveCfg = Debug|Any CPU
		{7D40325F-6742-4F90-936A-54F62B1D3107}.Debug|Any CPU.Build.0 = Debug|Any CPU
		{7D40325F-6742-4F90-936A-54F62B1D3107}.Release|Any CPU.ActiveCfg = Release|Any CPU
		{7D40325F-6742-4F90-936A-54F62B1D3107}.Release|Any CPU.Build.0 = Release|Any CPU
	EndGlobalSection
	GlobalSection(SolutionProperties) = preSolution
		HideSolutionNode = FALSE
	EndGlobalSection
	GlobalSection(ExtensibilityGlobals) = postSolution
		SolutionGuid = {35B2880B-7562-44CE-9122-E99306469340}
	EndGlobalSection
EndGlobal
